{
  "name": "github-workflows",
  "version": "1.0.0",
  "lockfileVersion": 3,
  "requires": true,
  "packages": {
    "": {
      "name": "github-workflows",
      "version": "1.0.0",
      "license": "ISC",
      "dependencies": {
        "utilies": "^1.26.0"
      }
    },
    "node_modules/utilies": {
      "version": "1.26.0",
      "resolved": "https://registry.npmjs.org/utilies/-/utilies-1.26.0.tgz",
      "integrity": "sha512-aDq/kAmCpcmCi6pNeki3vU7PD4z0RTMSka822Du0HWuYPm7vpCe7V//5aflI39nV4S9Obhiso5Req02JKf2SkQ=="
    }
  }
}
